
Microsoft Visual Studio Solution File, Format Version 12.00
# Visual Studio Version 16
VisualStudioVersion = 16.0.31424.327
MinimumVisualStudioVersion = 10.0.40219.1
Project("{9A19103F-16F7-4668-BE54-9A1E7A4F7556}") = "ApiGateway", "ApiGateway\ApiGateway.csproj", "{D859DB07-7696-4477-B556-DD56DA8B9934}"
EndProject
Project("{9A19103F-16F7-4668-BE54-9A1E7A4F7556}") = "ApiBillableTransaction", "BillableTransaction\ApiBillableTransaction.csproj", "{C0FDC553-EEBE-4042-93A2-9E5652F6D0BA}"
EndProject
Project("{FAE04EC0-301F-11D3-BF4B-00C04F79EFBC}") = "ApiInvoices", "ApiInvoices\ApiInvoices.csproj", "{C53A87B5-0F35-41B8-A4A9-56CAAFB665C6}"
EndProject
Global
	GlobalSection(SolutionConfigurationPlatforms) = preSolution
		Debug|Any CPU = Debug|Any CPU
		Release|Any CPU = Release|Any CPU
	EndGlobalSection
	GlobalSection(ProjectConfigurationPlatforms) = postSolution
		{D859DB07-7696-4477-B556-DD56DA8B9934}.Debug|Any CPU.ActiveCfg = Debug|Any CPU
		{D859DB07-7696-4477-B556-DD56DA8B9934}.Debug|Any CPU.Build.0 = Debug|Any CPU
		{D859DB07-7696-4477-B556-DD56DA8B9934}.Release|Any CPU.ActiveCfg = Release|Any CPU
		{D859DB07-7696-4477-B556-DD56DA8B9934}.Release|Any CPU.Build.0 = Release|Any CPU
		{C0FDC553-EEBE-4042-93A2-9E5652F6D0BA}.Debug|Any CPU.ActiveCfg = Debug|Any CPU
		{C0FDC553-EEBE-4042-93A2-9E5652F6D0BA}.Debug|Any CPU.Build.0 = Debug|Any CPU
		{C0FDC553-EEBE-4042-93A2-9E5652F6D0BA}.Release|Any CPU.ActiveCfg = Release|Any CPU
		{C0FDC553-EEBE-4042-93A2-9E5652F6D0BA}.Release|Any CPU.Build.0 = Release|Any CPU
		{C53A87B5-0F35-41B8-A4A9-56CAAFB665C6}.Debug|Any CPU.ActiveCfg = Debug|Any CPU
		{C53A87B5-0F35-41B8-A4A9-56CAAFB665C6}.Debug|Any CPU.Build.0 = Debug|Any CPU
		{C53A87B5-0F35-41B8-A4A9-56CAAFB665C6}.Release|Any CPU.ActiveCfg = Release|Any CPU
		{C53A87B5-0F35-41B8-A4A9-56CAAFB665C6}.Release|Any CPU.Build.0 = Release|Any CPU
	EndGlobalSection
	GlobalSection(SolutionProperties) = preSolution
		HideSolutionNode = FALSE
	EndGlobalSection
	GlobalSection(ExtensibilityGlobals) = postSolution
		SolutionGuid = {E68A5764-568B-48C3-B62C-5020650E69DF}
	EndGlobalSection
EndGlobal
